# This file is automatically @generated by Poetry 1.8.2 and should not be changed by hand.

[[package]]
name = "orjson"
version = "3.10.0"
description = "Fast, correct Python JSON library supporting dataclasses, datetimes, and numpy"
optional = false
python-versions = ">=3.8"
files = [
    {file = "orjson-3.10.0-cp310-cp310-macosx_10_15_x86_64.macosx_11_0_arm64.macosx_10_15_universal2.whl", hash = "sha256:47af5d4b850a2d1328660661f0881b67fdbe712aea905dadd413bdea6f792c33"},
    {file = "orjson-3.10.0-cp310-cp310-manylinux_2_17_aarch64.manylinux2014_aarch64.whl", hash = "sha256:c90681333619d78360d13840c7235fdaf01b2b129cb3a4f1647783b1971542b6"},
    {file = "orjson-3.10.0-cp310-cp310-manylinux_2_17_armv7l.manylinux2014_armv7l.whl", hash = "sha256:400c5b7c4222cb27b5059adf1fb12302eebcabf1978f33d0824aa5277ca899bd"},
    {file = "orjson-3.10.0-cp310-cp310-manylinux_2_17_ppc64le.manylinux2014_ppc64le.whl", hash = "sha256:5dcb32e949eae80fb335e63b90e5808b4b0f64e31476b3777707416b41682db5"},
    {file = "orjson-3.10.0-cp310-cp310-manylinux_2_17_s390x.manylinux2014_s390x.whl", hash = "sha256:aa7d507c7493252c0a0264b5cc7e20fa2f8622b8a83b04d819b5ce32c97cf57b"},
    {file = "orjson-3.10.0-cp310-cp310-manylinux_2_17_x86_64.manylinux2014_x86_64.whl", hash = "sha256:e286a51def6626f1e0cc134ba2067dcf14f7f4b9550f6dd4535fd9d79000040b"},
    {file = "orjson-3.10.0-cp310-cp310-musllinux_1_2_aarch64.whl", hash = "sha256:8acd4b82a5f3a3ec8b1dc83452941d22b4711964c34727eb1e65449eead353ca"},
    {file = "orjson-3.10.0-cp310-cp310-musllinux_1_2_x86_64.whl", hash = "sha256:30707e646080dd3c791f22ce7e4a2fc2438765408547c10510f1f690bd336217"},
    {file = "orjson-3.10.0-cp310-none-win32.whl", hash = "sha256:115498c4ad34188dcb73464e8dc80e490a3e5e88a925907b6fedcf20e545001a"},
    {file = "orjson-3.10.0-cp310-none-win_amd64.whl", hash = "sha256:6735dd4a5a7b6df00a87d1d7a02b84b54d215fb7adac50dd24da5997ffb4798d"},
    {file = "orjson-3.10.0-cp311-cp311-macosx_10_15_x86_64.macosx_11_0_arm64.macosx_10_15_universal2.whl", hash = "sha256:9587053e0cefc284e4d1cd113c34468b7d3f17666d22b185ea654f0775316a26"},
    {file = "orjson-3.10.0-cp311-cp311-manylinux_2_17_aarch64.manylinux2014_aarch64.whl", hash = "sha256:1bef1050b1bdc9ea6c0d08468e3e61c9386723633b397e50b82fda37b3563d72"},
    {file = "orjson-3.10.0-cp311-cp311-manylinux_2_17_armv7l.manylinux2014_armv7l.whl", hash = "sha256:d16c6963ddf3b28c0d461641517cd312ad6b3cf303d8b87d5ef3fa59d6844337"},
    {file = "orjson-3.10.0-cp311-cp311-manylinux_2_17_ppc64le.manylinux2014_ppc64le.whl", hash = "sha256:4251964db47ef090c462a2d909f16c7c7d5fe68e341dabce6702879ec26d1134"},
    {file = "orjson-3.10.0-cp311-cp311-manylinux_2_17_s390x.manylinux2014_s390x.whl", hash = "sha256:73bbbdc43d520204d9ef0817ac03fa49c103c7f9ea94f410d2950755be2c349c"},
    {file = "orjson-3.10.0-cp311-cp311-manylinux_2_17_x86_64.manylinux2014_x86_64.whl", hash = "sha256:414e5293b82373606acf0d66313aecb52d9c8c2404b1900683eb32c3d042dbd7"},
    {file = "orjson-3.10.0-cp311-cp311-musllinux_1_2_aarch64.whl", hash = "sha256:feaed5bb09877dc27ed0d37f037ddef6cb76d19aa34b108db270d27d3d2ef747"},
    {file = "orjson-3.10.0-cp311-cp311-musllinux_1_2_x86_64.whl", hash = "sha256:5127478260db640323cea131ee88541cb1a9fbce051f0b22fa2f0892f44da302"},
    {file = "orjson-3.10.0-cp311-none-win32.whl", hash = "sha256:b98345529bafe3c06c09996b303fc0a21961820d634409b8639bc16bd4f21b63"},
    {file = "orjson-3.10.0-cp311-none-win_amd64.whl", hash = "sha256:658ca5cee3379dd3d37dbacd43d42c1b4feee99a29d847ef27a1cb18abdfb23f"},
    {file = "orjson-3.10.0-cp312-cp312-macosx_10_15_x86_64.macosx_11_0_arm64.macosx_10_15_universal2.whl", hash = "sha256:4329c1d24fd130ee377e32a72dc54a3c251e6706fccd9a2ecb91b3606fddd998"},
    {file = "orjson-3.10.0-cp312-cp312-manylinux_2_17_aarch64.manylinux2014_aarch64.whl", hash = "sha256:ef0f19fdfb6553342b1882f438afd53c7cb7aea57894c4490c43e4431739c700"},
    {file = "orjson-3.10.0-cp312-cp312-manylinux_2_17_armv7l.manylinux2014_armv7l.whl", hash = "sha256:c4f60db24161534764277f798ef53b9d3063092f6d23f8f962b4a97edfa997a0"},
    {file = "orjson-3.10.0-cp312-cp312-manylinux_2_17_ppc64le.manylinux2014_ppc64le.whl", hash = "sha256:1de3fd5c7b208d836f8ecb4526995f0d5877153a4f6f12f3e9bf11e49357de98"},
    {file = "orjson-3.10.0-cp312-cp312-manylinux_2_17_s390x.manylinux2014_s390x.whl", hash = "sha256:f93e33f67729d460a177ba285002035d3f11425ed3cebac5f6ded4ef36b28344"},
    {file = "orjson-3.10.0-cp312-cp312-manylinux_2_17_x86_64.manylinux2014_x86_64.whl", hash = "sha256:237ba922aef472761acd697eef77fef4831ab769a42e83c04ac91e9f9e08fa0e"},
    {file = "orjson-3.10.0-cp312-cp312-musllinux_1_2_aarch64.whl", hash = "sha256:98c1bfc6a9bec52bc8f0ab9b86cc0874b0299fccef3562b793c1576cf3abb570"},
    {file = "orjson-3.10.0-cp312-cp312-musllinux_1_2_x86_64.whl", hash = "sha256:30d795a24be16c03dca0c35ca8f9c8eaaa51e3342f2c162d327bd0225118794a"},
    {file = "orjson-3.10.0-cp312-none-win32.whl", hash = "sha256:6a3f53dc650bc860eb26ec293dfb489b2f6ae1cbfc409a127b01229980e372f7"},
    {file = "orjson-3.10.0-cp312-none-win_amd64.whl", hash = "sha256:983db1f87c371dc6ffc52931eb75f9fe17dc621273e43ce67bee407d3e5476e9"},
    {file = "orjson-3.10.0-cp38-cp38-macosx_10_15_x86_64.macosx_11_0_arm64.macosx_10_15_universal2.whl", hash = "sha256:9a667769a96a72ca67237224a36faf57db0c82ab07d09c3aafc6f956196cfa1b"},
    {file = "orjson-3.10.0-cp38-cp38-manylinux_2_17_aarch64.manylinux2014_aarch64.whl", hash = "sha256:ade1e21dfde1d37feee8cf6464c20a2f41fa46c8bcd5251e761903e46102dc6b"},
    {file = "orjson-3.10.0-cp38-cp38-manylinux_2_17_armv7l.manylinux2014_armv7l.whl", hash = "sha256:23c12bb4ced1c3308eff7ba5c63ef8f0edb3e4c43c026440247dd6c1c61cea4b"},
    {file = "orjson-3.10.0-cp38-cp38-manylinux_2_17_ppc64le.manylinux2014_ppc64le.whl", hash = "sha256:b2d014cf8d4dc9f03fc9f870de191a49a03b1bcda51f2a957943fb9fafe55aac"},
    {file = "orjson-3.10.0-cp38-cp38-manylinux_2_17_s390x.manylinux2014_s390x.whl", hash = "sha256:eadecaa16d9783affca33597781328e4981b048615c2ddc31c47a51b833d6319"},
    {file = "orjson-3.10.0-cp38-cp38-manylinux_2_17_x86_64.manylinux2014_x86_64.whl", hash = "sha256:cd583341218826f48bd7c6ebf3310b4126216920853cbc471e8dbeaf07b0b80e"},
    {file = "orjson-3.10.0-cp38-cp38-musllinux_1_2_aarch64.whl", hash = "sha256:90bfc137c75c31d32308fd61951d424424426ddc39a40e367704661a9ee97095"},
    {file = "orjson-3.10.0-cp38-cp38-musllinux_1_2_x86_64.whl", hash = "sha256:13b5d3c795b09a466ec9fcf0bd3ad7b85467d91a60113885df7b8d639a9d374b"},
    {file = "orjson-3.10.0-cp38-none-win32.whl", hash = "sha256:5d42768db6f2ce0162544845facb7c081e9364a5eb6d2ef06cd17f6050b048d8"},
    {file = "orjson-3.10.0-cp38-none-win_amd64.whl", hash = "sha256:33e6655a2542195d6fd9f850b428926559dee382f7a862dae92ca97fea03a5ad"},
    {file = "orjson-3.10.0-cp39-cp39-macosx_10_15_x86_64.macosx_11_0_arm64.macosx_10_15_universal2.whl", hash = "sha256:4050920e831a49d8782a1720d3ca2f1c49b150953667eed6e5d63a62e80f46a2"},
    {file = "orjson-3.10.0-cp39-cp39-manylinux_2_17_aarch64.manylinux2014_aarch64.whl", hash = "sha256:1897aa25a944cec774ce4a0e1c8e98fb50523e97366c637b7d0cddabc42e6643"},
    {file = "orjson-3.10.0-cp39-cp39-manylinux_2_17_armv7l.manylinux2014_armv7l.whl", hash = "sha256:9bf565a69e0082ea348c5657401acec3cbbb31564d89afebaee884614fba36b4"},
    {file = "orjson-3.10.0-cp39-cp39-manylinux_2_17_ppc64le.manylinux2014_ppc64le.whl", hash = "sha256:b6ebc17cfbbf741f5c1a888d1854354536f63d84bee537c9a7c0335791bb9009"},
    {file = "orjson-3.10.0-cp39-cp39-manylinux_2_17_s390x.manylinux2014_s390x.whl", hash = "sha256:d2817877d0b69f78f146ab305c5975d0618df41acf8811249ee64231f5953fee"},
    {file = "orjson-3.10.0-cp39-cp39-manylinux_2_17_x86_64.manylinux2014_x86_64.whl", hash = "sha256:57d017863ec8aa4589be30a328dacd13c2dc49de1c170bc8d8c8a98ece0f2925"},
    {file = "orjson-3.10.0-cp39-cp39-musllinux_1_2_aarch64.whl", hash = "sha256:22c2f7e377ac757bd3476ecb7480c8ed79d98ef89648f0176deb1da5cd014eb7"},
    {file = "orjson-3.10.0-cp39-cp39-musllinux_1_2_x86_64.whl", hash = "sha256:e62ba42bfe64c60c1bc84799944f80704e996592c6b9e14789c8e2a303279912"},
    {file = "orjson-3.10.0-cp39-none-win32.whl", hash = "sha256:60c0b1bdbccd959ebd1575bd0147bd5e10fc76f26216188be4a36b691c937077"},
    {file = "orjson-3.10.0-cp39-none-win_amd64.whl", hash = "sha256:175a41500ebb2fdf320bf78e8b9a75a1279525b62ba400b2b2444e274c2c8bee"},
    {file = "orjson-3.10.0.tar.gz", hash = "sha256:ba4d8cac5f2e2cff36bea6b6481cdb92b38c202bcec603d6f5ff91960595a1ed"},
]

[[package]]
name = "prometheus-client"
version = "0.20.0"
description = "Python client for the Prometheus monitoring system."
optional = false
python-versions = ">=3.8"
files = [
    {file = "prometheus_client-0.20.0-py3-none-any.whl", hash = "sha256:cde524a85bce83ca359cc837f28b8c0db5cac7aa653a588fd7e84ba061c329e7"},
    {file = "prometheus_client-0.20.0.tar.gz", hash = "sha256:287629d00b147a32dcb2be0b9df905da599b2d82f80377083ec8463309a4bb89"},
]

[package.extras]
twisted = ["twisted"]

[[package]]
name = "pydantic"
version = "1.10.15"
description = "Data validation and settings management using python type hints"
optional = false
python-versions = ">=3.7"
files = [
    {file = "pydantic-1.10.15-cp310-cp310-macosx_10_9_x86_64.whl", hash = "sha256:22ed12ee588b1df028a2aa5d66f07bf8f8b4c8579c2e96d5a9c1f96b77f3bb55"},
    {file = "pydantic-1.10.15-cp310-cp310-macosx_11_0_arm64.whl", hash = "sha256:75279d3cac98186b6ebc2597b06bcbc7244744f6b0b44a23e4ef01e5683cc0d2"},
    {file = "pydantic-1.10.15-cp310-cp310-manylinux_2_17_x86_64.manylinux2014_x86_64.whl", hash = "sha256:50f1666a9940d3d68683c9d96e39640f709d7a72ff8702987dab1761036206bb"},
    {file = "pydantic-1.10.15-cp310-cp310-manylinux_2_5_i686.manylinux1_i686.manylinux_2_17_i686.manylinux2014_i686.whl", hash = "sha256:82790d4753ee5d00739d6cb5cf56bceb186d9d6ce134aca3ba7befb1eedbc2c8"},
    {file = "pydantic-1.10.15-cp310-cp310-musllinux_1_1_i686.whl", hash = "sha256:d207d5b87f6cbefbdb1198154292faee8017d7495a54ae58db06762004500d00"},
    {file = "pydantic-1.10.15-cp310-cp310-musllinux_1_1_x86_64.whl", hash = "sha256:e49db944fad339b2ccb80128ffd3f8af076f9f287197a480bf1e4ca053a866f0"},
    {file = "pydantic-1.10.15-cp310-cp310-win_amd64.whl", hash = "sha256:d3b5c4cbd0c9cb61bbbb19ce335e1f8ab87a811f6d589ed52b0254cf585d709c"},
    {file = "pydantic-1.10.15-cp311-cp311-macosx_10_9_x86_64.whl", hash = "sha256:c3d5731a120752248844676bf92f25a12f6e45425e63ce22e0849297a093b5b0"},
    {file = "pydantic-1.10.15-cp311-cp311-macosx_11_0_arm64.whl", hash = "sha256:c365ad9c394f9eeffcb30a82f4246c0006417f03a7c0f8315d6211f25f7cb654"},
    {file = "pydantic-1.10.15-cp311-cp311-manylinux_2_17_x86_64.manylinux2014_x86_64.whl", hash = "sha256:3287e1614393119c67bd4404f46e33ae3be3ed4cd10360b48d0a4459f420c6a3"},
    {file = "pydantic-1.10.15-cp311-cp311-manylinux_2_5_i686.manylinux1_i686.manylinux_2_17_i686.manylinux2014_i686.whl", hash = "sha256:be51dd2c8596b25fe43c0a4a59c2bee4f18d88efb8031188f9e7ddc6b469cf44"},
    {file = "pydantic-1.10.15-cp311-cp311-musllinux_1_1_i686.whl", hash = "sha256:6a51a1dd4aa7b3f1317f65493a182d3cff708385327c1c82c81e4a9d6d65b2e4"},
    {file = "pydantic-1.10.15-cp311-cp311-musllinux_1_1_x86_64.whl", hash = "sha256:4e316e54b5775d1eb59187f9290aeb38acf620e10f7fd2f776d97bb788199e53"},
    {file = "pydantic-1.10.15-cp311-cp311-win_amd64.whl", hash = "sha256:0d142fa1b8f2f0ae11ddd5e3e317dcac060b951d605fda26ca9b234b92214986"},
    {file = "pydantic-1.10.15-cp37-cp37m-macosx_10_9_x86_64.whl", hash = "sha256:7ea210336b891f5ea334f8fc9f8f862b87acd5d4a0cbc9e3e208e7aa1775dabf"},
    {file = "pydantic-1.10.15-cp37-cp37m-manylinux_2_17_x86_64.manylinux2014_x86_64.whl", hash = "sha256:3453685ccd7140715e05f2193d64030101eaad26076fad4e246c1cc97e1bb30d"},
    {file = "pydantic-1.10.15-cp37-cp37m-manylinux_2_5_i686.manylinux1_i686.manylinux_2_17_i686.manylinux2014_i686.whl", hash = "sha256:9bea1f03b8d4e8e86702c918ccfd5d947ac268f0f0cc6ed71782e4b09353b26f"},
    {file = "pydantic-1.10.15-cp37-cp37m-musllinux_1_1_i686.whl", hash = "sha256:005655cabc29081de8243126e036f2065bd7ea5b9dff95fde6d2c642d39755de"},
    {file = "pydantic-1.10.15-cp37-cp37m-musllinux_1_1_x86_64.whl", hash = "sha256:af9850d98fc21e5bc24ea9e35dd80a29faf6462c608728a110c0a30b595e58b7"},
    {file = "pydantic-1.10.15-cp37-cp37m-win_amd64.whl", hash = "sha256:d31ee5b14a82c9afe2bd26aaa405293d4237d0591527d9129ce36e58f19f95c1"},
    {file = "pydantic-1.10.15-cp38-cp38-macosx_10_9_x86_64.whl", hash = "sha256:5e09c19df304b8123938dc3c53d3d3be6ec74b9d7d0d80f4f4b5432ae16c2022"},
    {file = "pydantic-1.10.15-cp38-cp38-macosx_11_0_arm64.whl", hash = "sha256:7ac9237cd62947db00a0d16acf2f3e00d1ae9d3bd602b9c415f93e7a9fc10528"},
    {file = "pydantic-1.10.15-cp38-cp38-manylinux_2_17_x86_64.manylinux2014_x86_64.whl", hash = "sha256:584f2d4c98ffec420e02305cf675857bae03c9d617fcfdc34946b1160213a948"},
    {file = "pydantic-1.10.15-cp38-cp38-manylinux_2_5_i686.manylinux1_i686.manylinux_2_17_i686.manylinux2014_i686.whl", hash = "sha256:bbc6989fad0c030bd70a0b6f626f98a862224bc2b1e36bfc531ea2facc0a340c"},
    {file = "pydantic-1.10.15-cp38-cp38-musllinux_1_1_i686.whl", hash = "sha256:d573082c6ef99336f2cb5b667b781d2f776d4af311574fb53d908517ba523c22"},
    {file = "pydantic-1.10.15-cp38-cp38-musllinux_1_1_x86_64.whl", hash = "sha256:6bd7030c9abc80134087d8b6e7aa957e43d35714daa116aced57269a445b8f7b"},
    {file = "pydantic-1.10.15-cp38-cp38-win_amd64.whl", hash = "sha256:3350f527bb04138f8aff932dc828f154847fbdc7a1a44c240fbfff1b57f49a12"},
    {file = "pydantic-1.10.15-cp39-cp39-macosx_10_9_x86_64.whl", hash = "sha256:51d405b42f1b86703555797270e4970a9f9bd7953f3990142e69d1037f9d9e51"},
    {file = "pydantic-1.10.15-cp39-cp39-macosx_11_0_arm64.whl", hash = "sha256:a980a77c52723b0dc56640ced396b73a024d4b74f02bcb2d21dbbac1debbe9d0"},
    {file = "pydantic-1.10.15-cp39-cp39-manylinux_2_17_x86_64.manylinux2014_x86_64.whl", hash = "sha256:67f1a1fb467d3f49e1708a3f632b11c69fccb4e748a325d5a491ddc7b5d22383"},
    {file = "pydantic-1.10.15-cp39-cp39-manylinux_2_5_i686.manylinux1_i686.manylinux_2_17_i686.manylinux2014_i686.whl", hash = "sha256:676ed48f2c5bbad835f1a8ed8a6d44c1cd5a21121116d2ac40bd1cd3619746ed"},
    {file = "pydantic-1.10.15-cp39-cp39-musllinux_1_1_i686.whl", hash = "sha256:92229f73400b80c13afcd050687f4d7e88de9234d74b27e6728aa689abcf58cc"},
    {file = "pydantic-1.10.15-cp39-cp39-musllinux_1_1_x86_64.whl", hash = "sha256:2746189100c646682eff0bce95efa7d2e203420d8e1c613dc0c6b4c1d9c1fde4"},
    {file = "pydantic-1.10.15-cp39-cp39-win_amd64.whl", hash = "sha256:394f08750bd8eaad714718812e7fab615f873b3cdd0b9d84e76e51ef3b50b6b7"},
    {file = "pydantic-1.10.15-py3-none-any.whl", hash = "sha256:28e552a060ba2740d0d2aabe35162652c1459a0b9069fe0db7f4ee0e18e74d58"},
    {file = "pydantic-1.10.15.tar.gz", hash = "sha256:ca832e124eda231a60a041da4f013e3ff24949d94a01154b137fc2f2a43c3ffb"},
]

[package.dependencies]
typing-extensions = ">=4.2.0"

[package.extras]
dotenv = ["python-dotenv (>=0.10.4)"]
email = ["email-validator (>=1.0.3)"]

[[package]]
name = "tornado"
version = "6.4"
description = "Tornado is a Python web framework and asynchronous networking library, originally developed at FriendFeed."
optional = false
python-versions = ">= 3.8"
files = [
    {file = "tornado-6.4-cp38-abi3-macosx_10_9_universal2.whl", hash = "sha256:02ccefc7d8211e5a7f9e8bc3f9e5b0ad6262ba2fbb683a6443ecc804e5224ce0"},
    {file = "tornado-6.4-cp38-abi3-macosx_10_9_x86_64.whl", hash = "sha256:27787de946a9cffd63ce5814c33f734c627a87072ec7eed71f7fc4417bb16263"},
    {file = "tornado-6.4-cp38-abi3-manylinux_2_17_aarch64.manylinux2014_aarch64.whl", hash = "sha256:f7894c581ecdcf91666a0912f18ce5e757213999e183ebfc2c3fdbf4d5bd764e"},
    {file = "tornado-6.4-cp38-abi3-manylinux_2_5_i686.manylinux1_i686.manylinux_2_17_i686.manylinux2014_i686.whl", hash = "sha256:e43bc2e5370a6a8e413e1e1cd0c91bedc5bd62a74a532371042a18ef19e10579"},
    {file = "tornado-6.4-cp38-abi3-manylinux_2_5_x86_64.manylinux1_x86_64.manylinux_2_17_x86_64.manylinux2014_x86_64.whl", hash = "sha256:f0251554cdd50b4b44362f73ad5ba7126fc5b2c2895cc62b14a1c2d7ea32f212"},
    {file = "tornado-6.4-cp38-abi3-musllinux_1_1_aarch64.whl", hash = "sha256:fd03192e287fbd0899dd8f81c6fb9cbbc69194d2074b38f384cb6fa72b80e9c2"},
    {file = "tornado-6.4-cp38-abi3-musllinux_1_1_i686.whl", hash = "sha256:88b84956273fbd73420e6d4b8d5ccbe913c65d31351b4c004ae362eba06e1f78"},
    {file = "tornado-6.4-cp38-abi3-musllinux_1_1_x86_64.whl", hash = "sha256:71ddfc23a0e03ef2df1c1397d859868d158c8276a0603b96cf86892bff58149f"},
    {file = "tornado-6.4-cp38-abi3-win32.whl", hash = "sha256:6f8a6c77900f5ae93d8b4ae1196472d0ccc2775cc1dfdc9e7727889145c45052"},
    {file = "tornado-6.4-cp38-abi3-win_amd64.whl", hash = "sha256:10aeaa8006333433da48dec9fe417877f8bcc21f48dda8d661ae79da357b2a63"},
    {file = "tornado-6.4.tar.gz", hash = "sha256:72291fa6e6bc84e626589f1c29d90a5a6d593ef5ae68052ee2ef000dfd273dee"},
]

[[package]]
name = "typing-extensions"
version = "4.10.0"
description = "Backported and Experimental Type Hints for Python 3.8+"
optional = false
python-versions = ">=3.8"
files = [
    {file = "typing_extensions-4.10.0-py3-none-any.whl", hash = "sha256:69b1a937c3a517342112fb4c6df7e72fc39a38e7891a5730ed4985b5214b5475"},
    {file = "typing_extensions-4.10.0.tar.gz", hash = "sha256:b0abd7c89e8fb96f98db18d86106ff1d90ab692004eb746cf6eda2682f91b3cb"},
]

[[package]]
name = "uvloop"
version = "0.17.0"
description = "Fast implementation of asyncio event loop on top of libuv"
optional = false
python-versions = ">=3.7"
files = [
    {file = "uvloop-0.17.0-cp310-cp310-macosx_10_9_universal2.whl", hash = "sha256:ce9f61938d7155f79d3cb2ffa663147d4a76d16e08f65e2c66b77bd41b356718"},
    {file = "uvloop-0.17.0-cp310-cp310-macosx_10_9_x86_64.whl", hash = "sha256:68532f4349fd3900b839f588972b3392ee56042e440dd5873dfbbcd2cc67617c"},
    {file = "uvloop-0.17.0-cp310-cp310-manylinux_2_17_aarch64.manylinux2014_aarch64.whl", hash = "sha256:0949caf774b9fcefc7c5756bacbbbd3fc4c05a6b7eebc7c7ad6f825b23998d6d"},
    {file = "uvloop-0.17.0-cp310-cp310-manylinux_2_17_x86_64.manylinux2014_x86_64.whl", hash = "sha256:ff3d00b70ce95adce264462c930fbaecb29718ba6563db354608f37e49e09024"},
    {file = "uvloop-0.17.0-cp310-cp310-musllinux_1_1_aarch64.whl", hash = "sha256:a5abddb3558d3f0a78949c750644a67be31e47936042d4f6c888dd6f3c95f4aa"},
    {file = "uvloop-0.17.0-cp310-cp310-musllinux_1_1_x86_64.whl", hash = "sha256:8efcadc5a0003d3a6e887ccc1fb44dec25594f117a94e3127954c05cf144d811"},
    {file = "uvloop-0.17.0-cp311-cp311-macosx_10_9_universal2.whl", hash = "sha256:3378eb62c63bf336ae2070599e49089005771cc651c8769aaad72d1bd9385a7c"},
    {file = "uvloop-0.17.0-cp311-cp311-macosx_10_9_x86_64.whl", hash = "sha256:6aafa5a78b9e62493539456f8b646f85abc7093dd997f4976bb105537cf2635e"},
    {file = "uvloop-0.17.0-cp311-cp311-manylinux_2_17_aarch64.manylinux2014_aarch64.whl", hash = "sha256:c686a47d57ca910a2572fddfe9912819880b8765e2f01dc0dd12a9bf8573e539"},
    {file = "uvloop-0.17.0-cp311-cp311-manylinux_2_17_x86_64.manylinux2014_x86_64.whl", hash = "sha256:864e1197139d651a76c81757db5eb199db8866e13acb0dfe96e6fc5d1cf45fc4"},
    {file = "uvloop-0.17.0-cp311-cp311-musllinux_1_1_aarch64.whl", hash = "sha256:2a6149e1defac0faf505406259561bc14b034cdf1d4711a3ddcdfbaa8d825a05"},
    {file = "uvloop-0.17.0-cp311-cp311-musllinux_1_1_x86_64.whl", hash = "sha256:6708f30db9117f115eadc4f125c2a10c1a50d711461699a0cbfaa45b9a78e376"},
    {file = "uvloop-0.17.0-cp37-cp37m-macosx_10_9_x86_64.whl", hash = "sha256:23609ca361a7fc587031429fa25ad2ed7242941adec948f9d10c045bfecab06b"},
    {file = "uvloop-0.17.0-cp37-cp37m-manylinux_2_17_aarch64.manylinux2014_aarch64.whl", hash = "sha256:2deae0b0fb00a6af41fe60a675cec079615b01d68beb4cc7b722424406b126a8"},
    {file = "uvloop-0.17.0-cp37-cp37m-manylinux_2_17_x86_64.manylinux2014_x86_64.whl", hash = "sha256:45cea33b208971e87a31c17622e4b440cac231766ec11e5d22c76fab3bf9df62"},
    {file = "uvloop-0.17.0-cp37-cp37m-musllinux_1_1_aarch64.whl", hash = "sha256:9b09e0f0ac29eee0451d71798878eae5a4e6a91aa275e114037b27f7db72702d"},
    {file = "uvloop-0.17.0-cp37-cp37m-musllinux_1_1_x86_64.whl", hash = "sha256:dbbaf9da2ee98ee2531e0c780455f2841e4675ff580ecf93fe5c48fe733b5667"},
    {file = "uvloop-0.17.0-cp38-cp38-macosx_10_9_universal2.whl", hash = "sha256:a4aee22ece20958888eedbad20e4dbb03c37533e010fb824161b4f05e641f738"},
    {file = "uvloop-0.17.0-cp38-cp38-macosx_10_9_x86_64.whl", hash = "sha256:307958f9fc5c8bb01fad752d1345168c0abc5d62c1b72a4a8c6c06f042b45b20"},
    {file = "uvloop-0.17.0-cp38-cp38-manylinux_2_17_aarch64.manylinux2014_aarch64.whl", hash = "sha256:3ebeeec6a6641d0adb2ea71dcfb76017602ee2bfd8213e3fcc18d8f699c5104f"},
    {file = "uvloop-0.17.0-cp38-cp38-manylinux_2_17_x86_64.manylinux2014_x86_64.whl", hash = "sha256:1436c8673c1563422213ac6907789ecb2b070f5939b9cbff9ef7113f2b531595"},
    {file = "uvloop-0.17.0-cp38-cp38-musllinux_1_1_aarch64.whl", hash = "sha256:8887d675a64cfc59f4ecd34382e5b4f0ef4ae1da37ed665adba0c2badf0d6578"},
    {file = "uvloop-0.17.0-cp38-cp38-musllinux_1_1_x86_64.whl", hash = "sha256:3db8de10ed684995a7f34a001f15b374c230f7655ae840964d51496e2f8a8474"},
    {file = "uvloop-0.17.0-cp39-cp39-macosx_10_9_universal2.whl", hash = "sha256:7d37dccc7ae63e61f7b96ee2e19c40f153ba6ce730d8ba4d3b4e9738c1dccc1b"},
    {file = "uvloop-0.17.0-cp39-cp39-macosx_10_9_x86_64.whl", hash = "sha256:cbbe908fda687e39afd6ea2a2f14c2c3e43f2ca88e3a11964b297822358d0e6c"},
    {file = "uvloop-0.17.0-cp39-cp39-manylinux_2_17_aarch64.manylinux2014_aarch64.whl", hash = "sha256:3d97672dc709fa4447ab83276f344a165075fd9f366a97b712bdd3fee05efae8"},
    {file = "uvloop-0.17.0-cp39-cp39-manylinux_2_17_x86_64.manylinux2014_x86_64.whl", hash = "sha256:f1e507c9ee39c61bfddd79714e4f85900656db1aec4d40c6de55648e85c2799c"},
    {file = "uvloop-0.17.0-cp39-cp39-musllinux_1_1_aarch64.whl", hash = "sha256:c092a2c1e736086d59ac8e41f9c98f26bbf9b9222a76f21af9dfe949b99b2eb9"},
    {file = "uvloop-0.17.0-cp39-cp39-musllinux_1_1_x86_64.whl", hash = "sha256:30babd84706115626ea78ea5dbc7dd8d0d01a2e9f9b306d24ca4ed5796c66ded"},
    {file = "uvloop-0.17.0.tar.gz", hash = "sha256:0ddf6baf9cf11a1a22c71487f39f15b2cf78eb5bde7e5b45fbb99e8a9d91b9e1"},
]

[package.extras]
dev = ["Cython (>=0.29.32,<0.30.0)", "Sphinx (>=4.1.2,<4.2.0)", "aiohttp", "flake8 (>=3.9.2,<3.10.0)", "mypy (>=0.800)", "psutil", "pyOpenSSL (>=22.0.0,<22.1.0)", "pycodestyle (>=2.7.0,<2.8.0)", "pytest (>=3.6.0)", "sphinx-rtd-theme (>=0.5.2,<0.6.0)", "sphinxcontrib-asyncio (>=0.3.0,<0.4.0)"]
docs = ["Sphinx (>=4.1.2,<4.2.0)", "sphinx-rtd-theme (>=0.5.2,<0.6.0)", "sphinxcontrib-asyncio (>=0.3.0,<0.4.0)"]
test = ["Cython (>=0.29.32,<0.30.0)", "aiohttp", "flake8 (>=3.9.2,<3.10.0)", "mypy (>=0.800)", "psutil", "pyOpenSSL (>=22.0.0,<22.1.0)", "pycodestyle (>=2.7.0,<2.8.0)"]

[metadata]
lock-version = "2.0"
python-versions = "^3.11"
content-hash = "30383b4250b151845c11d0a93e372f39582882b58c2c7b4a6d7419dd8da624f7"
